
Microsoft Visual Studio Solution File, Format Version 12.00
# Visual Studio Version 17
VisualStudioVersion = 17.3.32819.101
MinimumVisualStudioVersion = 10.0.40219.1
Project("{FAE04EC0-301F-11D3-BF4B-00C04F79EFBC}") = "Chua_PdaProgram", "Chua_PdaProgram.csproj", "{1822A278-682A-40ED-B187-9F7E4E337ECB}"
EndProject
Global
	GlobalSection(SolutionConfigurationPlatforms) = preSolution
		Debug|Any CPU = Debug|Any CPU
		Release|Any CPU = Release|Any CPU
	EndGlobalSection
	GlobalSection(ProjectConfigurationPlatforms) = postSolution
		{1822A278-682A-40ED-B187-9F7E4E337ECB}.Debug|Any CPU.ActiveCfg = Debug|Any CPU
		{1822A278-682A-40ED-B187-9F7E4E337ECB}.Debug|Any CPU.Build.0 = Debug|Any CPU
		{1822A278-682A-40ED-B187-9F7E4E337ECB}.Release|Any CPU.ActiveCfg = Release|Any CPU
		{1822A278-682A-40ED-B187-9F7E4E337ECB}.Release|Any CPU.Build.0 = Release|Any CPU
	EndGlobalSection
	GlobalSection(SolutionProperties) = preSolution
		HideSolutionNode = FALSE
	EndGlobalSection
	GlobalSection(ExtensibilityGlobals) = postSolution
		SolutionGuid = {EAF864CD-D25E-414F-800C-E884B3936A63}
	EndGlobalSection
EndGlobal
